
Microsoft Visual Studio Solution File, Format Version 12.00
# Visual Studio Version 16
VisualStudioVersion = 16.0.30204.135
MinimumVisualStudioVersion = 10.0.40219.1
Project("{FAE04EC0-301F-11D3-BF4B-00C04F79EFBC}") = "Bombardier_Onboard_Blazor_WASM", "Bombardier_Onboard_Blazor_WASM\Bombardier_Onboard_Blazor_WASM.csproj", "{8AA2142F-B1CD-4E2C-A9C4-6ABEB574C4CC}"
EndProject
Global
	GlobalSection(SolutionConfigurationPlatforms) = preSolution
		Debug|Any CPU = Debug|Any CPU
		Release|Any CPU = Release|Any CPU
	EndGlobalSection
	GlobalSection(ProjectConfigurationPlatforms) = postSolution
		{8AA2142F-B1CD-4E2C-A9C4-6ABEB574C4CC}.Debug|Any CPU.ActiveCfg = Debug|Any CPU
		{8AA2142F-B1CD-4E2C-A9C4-6ABEB574C4CC}.Debug|Any CPU.Build.0 = Debug|Any CPU
		{8AA2142F-B1CD-4E2C-A9C4-6ABEB574C4CC}.Release|Any CPU.ActiveCfg = Release|Any CPU
		{8AA2142F-B1CD-4E2C-A9C4-6ABEB574C4CC}.Release|Any CPU.Build.0 = Release|Any CPU
	EndGlobalSection
	GlobalSection(SolutionProperties) = preSolution
		HideSolutionNode = FALSE
	EndGlobalSection
	GlobalSection(ExtensibilityGlobals) = postSolution
		SolutionGuid = {703CCD7C-C738-41ED-AE3A-0B7AB69CD98C}
	EndGlobalSection
EndGlobal
